// !$*UTF8*$!
{
	archiveVersion = 1;
	classes = {
	};
	objectVersion = 46;
	objects = {

/* Begin PBXBuildFile section */
		0D0964851E87F06900C2AA53 /* LeftMenuController.m in Sources */ = {isa = PBXBuildFile; fileRef = 0D0964841E87F06900C2AA53 /* LeftMenuController.m */; };
		0D09648C1E87F0E800C2AA53 /* BaseTableViewController.m in Sources */ = {isa = PBXBuildFile; fileRef = 0D09648B1E87F0E800C2AA53 /* BaseTableViewController.m */; };
		0D09648F1E87F0FD00C2AA53 /* BaseViewController.m in Sources */ = {isa = PBXBuildFile; fileRef = 0D09648E1E87F0FD00C2AA53 /* BaseViewController.m */; };
		0D0964921E87F1C600C2AA53 /* BaseTableViewCell.m in Sources */ = {isa = PBXBuildFile; fileRef = 0D0964911E87F1C600C2AA53 /* BaseTableViewCell.m */; };
		0DEFDF4B1E86E8A300FD2D52 /* main.m in Sources */ = {isa = PBXBuildFile; fileRef = 0DEFDF4A1E86E8A300FD2D52 /* main.m */; };
		0DEFDF4E1E86E8A300FD2D52 /* AppDelegate.m in Sources */ = {isa = PBXBuildFile; fileRef = 0DEFDF4D1E86E8A300FD2D52 /* AppDelegate.m */; };
		0DEFDF561E86E8A300FD2D52 /* Assets.xcassets in Resources */ = {isa = PBXBuildFile; fileRef = 0DEFDF551E86E8A300FD2D52 /* Assets.xcassets */; };
		0DEFDF591E86E8A300FD2D52 /* LaunchScreen.storyboard in Resources */ = {isa = PBXBuildFile; fileRef = 0DEFDF571E86E8A300FD2D52 /* LaunchScreen.storyboard */; };
		44CE4EA51E8920DC00F3C397 /* LeftMenuPresenter.m in Sources */ = {isa = PBXBuildFile; fileRef = 44CE4EA41E8920DC00F3C397 /* LeftMenuPresenter.m */; };
		44CE4EA91E89250200F3C397 /* BaseView.m in Sources */ = {isa = PBXBuildFile; fileRef = 44CE4EA81E89250200F3C397 /* BaseView.m */; };
		44CE4EAC1E89275B00F3C397 /* LeftMenuItemModel.m in Sources */ = {isa = PBXBuildFile; fileRef = 44CE4EAB1E89275B00F3C397 /* LeftMenuItemModel.m */; };
		44CE4EB01E893A5400F3C397 /* CollectFlowersViewController.m in Sources */ = {isa = PBXBuildFile; fileRef = 44CE4EAF1E893A5400F3C397 /* CollectFlowersViewController.m */; };
		44CE4EB71E893E2E00F3C397 /* PPRevealSideViewController+WAAppRoutingContainerPresentationProtocol.m in Sources */ = {isa = PBXBuildFile; fileRef = 44CE4EB61E893E2E00F3C397 /* PPRevealSideViewController+WAAppRoutingContainerPresentationProtocol.m */; };
		B9802AD4959EF144C9514206 /* libPods-flowers.a in Frameworks */ = {isa = PBXBuildFile; fileRef = 641D95447A62269E0A2C0D86 /* libPods-flowers.a */; };
/* End PBXBuildFile section */

/* Begin PBXFileReference section */
		019D452E450FBB89B23CF26E /* Pods-flowers.debug.xcconfig */ = {isa = PBXFileReference; includeInIndex = 1; lastKnownFileType = text.xcconfig; name = "Pods-flowers.debug.xcconfig"; path = "Pods/Target Support Files/Pods-flowers/Pods-flowers.debug.xcconfig"; sourceTree = "<group>"; };
		0D0964831E87F06900C2AA53 /* LeftMenuController.h */ = {isa = PBXFileReference; fileEncoding = 4; lastKnownFileType = sourcecode.c.h; path = LeftMenuController.h; sourceTree = "<group>"; };
		0D0964841E87F06900C2AA53 /* LeftMenuController.m */ = {isa = PBXFileReference; fileEncoding = 4; lastKnownFileType = sourcecode.c.objc; path = LeftMenuController.m; sourceTree = "<group>"; };
		0D09648A1E87F0E800C2AA53 /* BaseTableViewController.h */ = {isa = PBXFileReference; fileEncoding = 4; lastKnownFileType = sourcecode.c.h; path = BaseTableViewController.h; sourceTree = "<group>"; };
		0D09648B1E87F0E800C2AA53 /* BaseTableViewController.m */ = {isa = PBXFileReference; fileEncoding = 4; lastKnownFileType = sourcecode.c.objc; path = BaseTableViewController.m; sourceTree = "<group>"; };
		0D09648D1E87F0FD00C2AA53 /* BaseViewController.h */ = {isa = PBXFileReference; fileEncoding = 4; lastKnownFileType = sourcecode.c.h; path = BaseViewController.h; sourceTree = "<group>"; };
		0D09648E1E87F0FD00C2AA53 /* BaseViewController.m */ = {isa = PBXFileReference; fileEncoding = 4; lastKnownFileType = sourcecode.c.objc; path = BaseViewController.m; sourceTree = "<group>"; };
		0D0964901E87F1C600C2AA53 /* BaseTableViewCell.h */ = {isa = PBXFileReference; fileEncoding = 4; lastKnownFileType = sourcecode.c.h; path = BaseTableViewCell.h; sourceTree = "<group>"; };
		0D0964911E87F1C600C2AA53 /* BaseTableViewCell.m */ = {isa = PBXFileReference; fileEncoding = 4; lastKnownFileType = sourcecode.c.objc; path = BaseTableViewCell.m; sourceTree = "<group>"; };
		0DEFDF461E86E8A300FD2D52 /* flowers.app */ = {isa = PBXFileReference; explicitFileType = wrapper.application; includeInIndex = 0; path = flowers.app; sourceTree = BUILT_PRODUCTS_DIR; };
		0DEFDF4A1E86E8A300FD2D52 /* main.m */ = {isa = PBXFileReference; lastKnownFileType = sourcecode.c.objc; path = main.m; sourceTree = "<group>"; };
		0DEFDF4C1E86E8A300FD2D52 /* AppDelegate.h */ = {isa = PBXFileReference; lastKnownFileType = sourcecode.c.h; path = AppDelegate.h; sourceTree = "<group>"; };
		0DEFDF4D1E86E8A300FD2D52 /* AppDelegate.m */ = {isa = PBXFileReference; lastKnownFileType = sourcecode.c.objc; path = AppDelegate.m; sourceTree = "<group>"; };
		0DEFDF551E86E8A300FD2D52 /* Assets.xcassets */ = {isa = PBXFileReference; lastKnownFileType = folder.assetcatalog; path = Assets.xcassets; sourceTree = "<group>"; };
		0DEFDF581E86E8A300FD2D52 /* Base */ = {isa = PBXFileReference; lastKnownFileType = file.storyboard; name = Base; path = Base.lproj/LaunchScreen.storyboard; sourceTree = "<group>"; };
		0DEFDF5A1E86E8A300FD2D52 /* Info.plist */ = {isa = PBXFileReference; lastKnownFileType = text.plist.xml; path = Info.plist; sourceTree = "<group>"; };
		44CE4EA31E8920DC00F3C397 /* LeftMenuPresenter.h */ = {isa = PBXFileReference; fileEncoding = 4; lastKnownFileType = sourcecode.c.h; path = LeftMenuPresenter.h; sourceTree = "<group>"; };
		44CE4EA41E8920DC00F3C397 /* LeftMenuPresenter.m */ = {isa = PBXFileReference; fileEncoding = 4; lastKnownFileType = sourcecode.c.objc; path = LeftMenuPresenter.m; sourceTree = "<group>"; };
		44CE4EA71E89250200F3C397 /* BaseView.h */ = {isa = PBXFileReference; fileEncoding = 4; lastKnownFileType = sourcecode.c.h; path = BaseView.h; sourceTree = "<group>"; };
		44CE4EA81E89250200F3C397 /* BaseView.m */ = {isa = PBXFileReference; fileEncoding = 4; lastKnownFileType = sourcecode.c.objc; path = BaseView.m; sourceTree = "<group>"; };
		44CE4EAA1E89275B00F3C397 /* LeftMenuItemModel.h */ = {isa = PBXFileReference; fileEncoding = 4; lastKnownFileType = sourcecode.c.h; path = LeftMenuItemModel.h; sourceTree = "<group>"; };
		44CE4EAB1E89275B00F3C397 /* LeftMenuItemModel.m */ = {isa = PBXFileReference; fileEncoding = 4; lastKnownFileType = sourcecode.c.objc; path = LeftMenuItemModel.m; sourceTree = "<group>"; };
		44CE4EAD1E892BA900F3C397 /* PrefixHeader.pch */ = {isa = PBXFileReference; lastKnownFileType = sourcecode.c.h; path = PrefixHeader.pch; sourceTree = "<group>"; };
		44CE4EAE1E893A5400F3C397 /* CollectFlowersViewController.h */ = {isa = PBXFileReference; fileEncoding = 4; lastKnownFileType = sourcecode.c.h; path = CollectFlowersViewController.h; sourceTree = "<group>"; };
		44CE4EAF1E893A5400F3C397 /* CollectFlowersViewController.m */ = {isa = PBXFileReference; fileEncoding = 4; lastKnownFileType = sourcecode.c.objc; path = CollectFlowersViewController.m; sourceTree = "<group>"; };
		44CE4EB51E893E2E00F3C397 /* PPRevealSideViewController+WAAppRoutingContainerPresentationProtocol.h */ = {isa = PBXFileReference; fileEncoding = 4; lastKnownFileType = sourcecode.c.h; path = "PPRevealSideViewController+WAAppRoutingContainerPresentationProtocol.h"; sourceTree = "<group>"; };
		44CE4EB61E893E2E00F3C397 /* PPRevealSideViewController+WAAppRoutingContainerPresentationProtocol.m */ = {isa = PBXFileReference; fileEncoding = 4; lastKnownFileType = sourcecode.c.objc; path = "PPRevealSideViewController+WAAppRoutingContainerPresentationProtocol.m"; sourceTree = "<group>"; };
		5D05448110C4C0CE93DC2324 /* Pods-flowers.release.xcconfig */ = {isa = PBXFileReference; includeInIndex = 1; lastKnownFileType = text.xcconfig; name = "Pods-flowers.release.xcconfig"; path = "Pods/Target Support Files/Pods-flowers/Pods-flowers.release.xcconfig"; sourceTree = "<group>"; };
		641D95447A62269E0A2C0D86 /* libPods-flowers.a */ = {isa = PBXFileReference; explicitFileType = archive.ar; includeInIndex = 0; path = "libPods-flowers.a"; sourceTree = BUILT_PRODUCTS_DIR; };
/* End PBXFileReference section */

/* Begin PBXFrameworksBuildPhase section */
		0DEFDF431E86E8A300FD2D52 /* Frameworks */ = {
			isa = PBXFrameworksBuildPhase;
			buildActionMask = 2147483647;
			files = (
				B9802AD4959EF144C9514206 /* libPods-flowers.a in Frameworks */,
			);
			runOnlyForDeploymentPostprocessing = 0;
		};
/* End PBXFrameworksBuildPhase section */

/* Begin PBXGroup section */
		0D0964811E87ED0300C2AA53 /* UserStories */ = {
			isa = PBXGroup;
			children = (
				44CE4EAE1E893A5400F3C397 /* CollectFlowersViewController.h */,
				44CE4EAF1E893A5400F3C397 /* CollectFlowersViewController.m */,
			);
			name = UserStories;
			sourceTree = "<group>";
		};
		0D0964821E87ED3500C2AA53 /* LeftMenu */ = {
			isa = PBXGroup;
			children = (
				0D0964831E87F06900C2AA53 /* LeftMenuController.h */,
				0D0964841E87F06900C2AA53 /* LeftMenuController.m */,
				44CE4EA31E8920DC00F3C397 /* LeftMenuPresenter.h */,
				44CE4EA41E8920DC00F3C397 /* LeftMenuPresenter.m */,
				44CE4EAA1E89275B00F3C397 /* LeftMenuItemModel.h */,
				44CE4EAB1E89275B00F3C397 /* LeftMenuItemModel.m */,
			);
			name = LeftMenu;
			sourceTree = "<group>";
		};
		0D0964861E87F0BD00C2AA53 /* BaseUI */ = {
			isa = PBXGroup;
			children = (
				44CE4EA71E89250200F3C397 /* BaseView.h */,
				44CE4EA81E89250200F3C397 /* BaseView.m */,
				0D09648A1E87F0E800C2AA53 /* BaseTableViewController.h */,
				0D09648B1E87F0E800C2AA53 /* BaseTableViewController.m */,
				0D09648D1E87F0FD00C2AA53 /* BaseViewController.h */,
				0D09648E1E87F0FD00C2AA53 /* BaseViewController.m */,
				0D0964901E87F1C600C2AA53 /* BaseTableViewCell.h */,
				0D0964911E87F1C600C2AA53 /* BaseTableViewCell.m */,
				44CE4EA61E8924ED00F3C397 /* Views */,
				0D0964891E87F0D400C2AA53 /* Controllers */,
				0D0964881E87F0D100C2AA53 /* Cells */,
				0D0964871E87F0C900C2AA53 /* Views */,
			);
			name = BaseUI;
			sourceTree = "<group>";
		};
		0D0964871E87F0C900C2AA53 /* Views */ = {
			isa = PBXGroup;
			children = (
			);
			name = Views;
			sourceTree = "<group>";
		};
		0D0964881E87F0D100C2AA53 /* Cells */ = {
			isa = PBXGroup;
			children = (
			);
			name = Cells;
			sourceTree = "<group>";
		};
		0D0964891E87F0D400C2AA53 /* Controllers */ = {
			isa = PBXGroup;
			children = (
			);
			name = Controllers;
			sourceTree = "<group>";
		};
		0DEFDF3D1E86E8A300FD2D52 = {
			isa = PBXGroup;
			children = (
				0DEFDF481E86E8A300FD2D52 /* flowers */,
				0DEFDF471E86E8A300FD2D52 /* Products */,
				C168CD3484477E87FCA51D87 /* Pods */,
				F8A36762C2B043A86974B4D6 /* Frameworks */,
			);
			sourceTree = "<group>";
		};
		0DEFDF471E86E8A300FD2D52 /* Products */ = {
			isa = PBXGroup;
			children = (
				0DEFDF461E86E8A300FD2D52 /* flowers.app */,
			);
			name = Products;
			sourceTree = "<group>";
		};
		0DEFDF481E86E8A300FD2D52 /* flowers */ = {
			isa = PBXGroup;
			children = (
				44CE4EB11E893DD600F3C397 /* Interface */,
				0D0964861E87F0BD00C2AA53 /* BaseUI */,
				0D0964821E87ED3500C2AA53 /* LeftMenu */,
				0D0964811E87ED0300C2AA53 /* UserStories */,
				0DEFDF4C1E86E8A300FD2D52 /* AppDelegate.h */,
				0DEFDF4D1E86E8A300FD2D52 /* AppDelegate.m */,
				0DEFDF551E86E8A300FD2D52 /* Assets.xcassets */,
				0DEFDF571E86E8A300FD2D52 /* LaunchScreen.storyboard */,
				0DEFDF5A1E86E8A300FD2D52 /* Info.plist */,
				0DEFDF491E86E8A300FD2D52 /* Supporting Files */,
			);
			path = flowers;
			sourceTree = "<group>";
		};
		0DEFDF491E86E8A300FD2D52 /* Supporting Files */ = {
			isa = PBXGroup;
			children = (
				0DEFDF4A1E86E8A300FD2D52 /* main.m */,
				44CE4EAD1E892BA900F3C397 /* PrefixHeader.pch */,
			);
			name = "Supporting Files";
			sourceTree = "<group>";
		};
		44CE4EA61E8924ED00F3C397 /* Views */ = {
			isa = PBXGroup;
			children = (
			);
			name = Views;
			sourceTree = "<group>";
		};
		44CE4EB11E893DD600F3C397 /* Interface */ = {
			isa = PBXGroup;
			children = (
				44CE4EB51E893E2E00F3C397 /* PPRevealSideViewController+WAAppRoutingContainerPresentationProtocol.h */,
				44CE4EB61E893E2E00F3C397 /* PPRevealSideViewController+WAAppRoutingContainerPresentationProtocol.m */,
			);
			name = Interface;
			sourceTree = "<group>";
		};
		C168CD3484477E87FCA51D87 /* Pods */ = {
			isa = PBXGroup;
			children = (
				019D452E450FBB89B23CF26E /* Pods-flowers.debug.xcconfig */,
				5D05448110C4C0CE93DC2324 /* Pods-flowers.release.xcconfig */,
			);
			name = Pods;
			sourceTree = "<group>";
		};
		F8A36762C2B043A86974B4D6 /* Frameworks */ = {
			isa = PBXGroup;
			children = (
				641D95447A62269E0A2C0D86 /* libPods-flowers.a */,
			);
			name = Frameworks;
			sourceTree = "<group>";
		};
/* End PBXGroup section */

/* Begin PBXNativeTarget section */
		0DEFDF451E86E8A300FD2D52 /* flowers */ = {
			isa = PBXNativeTarget;
			buildConfigurationList = 0DEFDF5D1E86E8A300FD2D52 /* Build configuration list for PBXNativeTarget "flowers" */;
			buildPhases = (
				8EDD934CAF746AED2FCA648E /* [CP] Check Pods Manifest.lock */,
				0DEFDF421E86E8A300FD2D52 /* Sources */,
				0DEFDF431E86E8A300FD2D52 /* Frameworks */,
				0DEFDF441E86E8A300FD2D52 /* Resources */,
				8A450B4035897B8D007D2857 /* [CP] Embed Pods Frameworks */,
				0D09F79ECBC2B08737F687FF /* [CP] Copy Pods Resources */,
			);
			buildRules = (
			);
			dependencies = (
			);
			name = flowers;
			productName = flowers;
			productReference = 0DEFDF461E86E8A300FD2D52 /* flowers.app */;
			productType = "com.apple.product-type.application";
		};
/* End PBXNativeTarget section */

/* Begin PBXProject section */
		0DEFDF3E1E86E8A300FD2D52 /* Project object */ = {
			isa = PBXProject;
			attributes = {
				LastUpgradeCheck = 0820;
				ORGANIZATIONNAME = "Maksim Kis";
				TargetAttributes = {
					0DEFDF451E86E8A300FD2D52 = {
						CreatedOnToolsVersion = 8.0;
						DevelopmentTeam = Q7LN8CFV4K;
						ProvisioningStyle = Automatic;
					};
				};
			};
			buildConfigurationList = 0DEFDF411E86E8A300FD2D52 /* Build configuration list for PBXProject "flowers" */;
			compatibilityVersion = "Xcode 3.2";
			developmentRegion = English;
			hasScannedForEncodings = 0;
			knownRegions = (
				en,
				Base,
			);
			mainGroup = 0DEFDF3D1E86E8A300FD2D52;
			productRefGroup = 0DEFDF471E86E8A300FD2D52 /* Products */;
			projectDirPath = "";
			projectRoot = "";
			targets = (
				0DEFDF451E86E8A300FD2D52 /* flowers */,
			);
		};
/* End PBXProject section */

/* Begin PBXResourcesBuildPhase section */
		0DEFDF441E86E8A300FD2D52 /* Resources */ = {
			isa = PBXResourcesBuildPhase;
			buildActionMask = 2147483647;
			files = (
				0DEFDF591E86E8A300FD2D52 /* LaunchScreen.storyboard in Resources */,
				0DEFDF561E86E8A300FD2D52 /* Assets.xcassets in Resources */,
			);
			runOnlyForDeploymentPostprocessing = 0;
		};
/* End PBXResourcesBuildPhase section */

/* Begin PBXShellScriptBuildPhase section */
		0D09F79ECBC2B08737F687FF /* [CP] Copy Pods Resources */ = {
			isa = PBXShellScriptBuildPhase;
			buildActionMask = 2147483647;
			files = (
			);
			inputPaths = (
			);
			name = "[CP] Copy Pods Resources";
			outputPaths = (
			);
			runOnlyForDeploymentPostprocessing = 0;
			shellPath = /bin/sh;
			shellScript = "\"${SRCROOT}/Pods/Target Support Files/Pods-flowers/Pods-flowers-resources.sh\"\n";
			showEnvVarsInLog = 0;
		};
		8A450B4035897B8D007D2857 /* [CP] Embed Pods Frameworks */ = {
			isa = PBXShellScriptBuildPhase;
			buildActionMask = 2147483647;
			files = (
			);
			inputPaths = (
			);
			name = "[CP] Embed Pods Frameworks";
			outputPaths = (
			);
			runOnlyForDeploymentPostprocessing = 0;
			shellPath = /bin/sh;
			shellScript = "\"${SRCROOT}/Pods/Target Support Files/Pods-flowers/Pods-flowers-frameworks.sh\"\n";
			showEnvVarsInLog = 0;
		};
		8EDD934CAF746AED2FCA648E /* [CP] Check Pods Manifest.lock */ = {
			isa = PBXShellScriptBuildPhase;
			buildActionMask = 2147483647;
			files = (
			);
			inputPaths = (
			);
			name = "[CP] Check Pods Manifest.lock";
			outputPaths = (
			);
			runOnlyForDeploymentPostprocessing = 0;
			shellPath = /bin/sh;
			shellScript = "diff \"${PODS_ROOT}/../Podfile.lock\" \"${PODS_ROOT}/Manifest.lock\" > /dev/null\nif [ $? != 0 ] ; then\n    # print error to STDERR\n    echo \"error: The sandbox is not in sync with the Podfile.lock. Run 'pod install' or update your CocoaPods installation.\" >&2\n    exit 1\nfi\n";
			showEnvVarsInLog = 0;
		};
/* End PBXShellScriptBuildPhase section */

/* Begin PBXSourcesBuildPhase section */
		0DEFDF421E86E8A300FD2D52 /* Sources */ = {
			isa = PBXSourcesBuildPhase;
			buildActionMask = 2147483647;
			files = (
				44CE4EB01E893A5400F3C397 /* CollectFlowersViewController.m in Sources */,
				44CE4EAC1E89275B00F3C397 /* LeftMenuItemModel.m in Sources */,
				0D09648F1E87F0FD00C2AA53 /* BaseViewController.m in Sources */,
				0DEFDF4E1E86E8A300FD2D52 /* AppDelegate.m in Sources */,
				44CE4EB71E893E2E00F3C397 /* PPRevealSideViewController+WAAppRoutingContainerPresentationProtocol.m in Sources */,
				0DEFDF4B1E86E8A300FD2D52 /* main.m in Sources */,
				0D0964851E87F06900C2AA53 /* LeftMenuController.m in Sources */,
				44CE4EA91E89250200F3C397 /* BaseView.m in Sources */,
				0D0964921E87F1C600C2AA53 /* BaseTableViewCell.m in Sources */,
				44CE4EA51E8920DC00F3C397 /* LeftMenuPresenter.m in Sources */,
				0D09648C1E87F0E800C2AA53 /* BaseTableViewController.m in Sources */,
			);
			runOnlyForDeploymentPostprocessing = 0;
		};
/* End PBXSourcesBuildPhase section */

/* Begin PBXVariantGroup section */
		0DEFDF571E86E8A300FD2D52 /* LaunchScreen.storyboard */ = {
			isa = PBXVariantGroup;
			children = (
				0DEFDF581E86E8A300FD2D52 /* Base */,
			);
			name = LaunchScreen.storyboard;
			sourceTree = "<group>";
		};
/* End PBXVariantGroup section */

/* Begin XCBuildConfiguration section */
		0DEFDF5B1E86E8A300FD2D52 /* Debug */ = {
			isa = XCBuildConfiguration;
			buildSettings = {
				ALWAYS_SEARCH_USER_PATHS = NO;
				CLANG_ANALYZER_NONNULL = YES;
				CLANG_CXX_LANGUAGE_STANDARD = "gnu++0x";
				CLANG_CXX_LIBRARY = "libc++";
				CLANG_ENABLE_MODULES = YES;
				CLANG_ENABLE_OBJC_ARC = YES;
				CLANG_WARN_BOOL_CONVERSION = YES;
				CLANG_WARN_CONSTANT_CONVERSION = YES;
				CLANG_WARN_DIRECT_OBJC_ISA_USAGE = YES_ERROR;
				CLANG_WARN_DOCUMENTATION_COMMENTS = YES;
				CLANG_WARN_EMPTY_BODY = YES;
				CLANG_WARN_ENUM_CONVERSION = YES;
				CLANG_WARN_INFINITE_RECURSION = YES;
				CLANG_WARN_INT_CONVERSION = YES;
				CLANG_WARN_OBJC_ROOT_CLASS = YES_ERROR;
				CLANG_WARN_SUSPICIOUS_MOVE = YES;
				CLANG_WARN_SUSPICIOUS_MOVES = YES;
				CLANG_WARN_UNREACHABLE_CODE = YES;
				CLANG_WARN__DUPLICATE_METHOD_MATCH = YES;
				"CODE_SIGN_IDENTITY[sdk=iphoneos*]" = "iPhone Developer";
				COPY_PHASE_STRIP = NO;
				DEBUG_INFORMATION_FORMAT = dwarf;
				ENABLE_STRICT_OBJC_MSGSEND = YES;
				ENABLE_TESTABILITY = YES;
				GCC_C_LANGUAGE_STANDARD = gnu99;
				GCC_DYNAMIC_NO_PIC = NO;
				GCC_NO_COMMON_BLOCKS = YES;
				GCC_OPTIMIZATION_LEVEL = 0;
				GCC_PREPROCESSOR_DEFINITIONS = (
					"DEBUG=1",
					"$(inherited)",
				);
				GCC_WARN_64_TO_32_BIT_CONVERSION = YES;
				GCC_WARN_ABOUT_RETURN_TYPE = YES_ERROR;
				GCC_WARN_UNDECLARED_SELECTOR = YES;
				GCC_WARN_UNINITIALIZED_AUTOS = YES_AGGRESSIVE;
				GCC_WARN_UNUSED_FUNCTION = YES;
				GCC_WARN_UNUSED_VARIABLE = YES;
				IPHONEOS_DEPLOYMENT_TARGET = 10.0;
				MTL_ENABLE_DEBUG_INFO = YES;
				ONLY_ACTIVE_ARCH = YES;
				SDKROOT = iphoneos;
			};
			name = Debug;
		};
		0DEFDF5C1E86E8A300FD2D52 /* Release */ = {
			isa = XCBuildConfiguration;
			buildSettings = {
				ALWAYS_SEARCH_USER_PATHS = NO;
				CLANG_ANALYZER_NONNULL = YES;
				CLANG_CXX_LANGUAGE_STANDARD = "gnu++0x";
				CLANG_CXX_LIBRARY = "libc++";
				CLANG_ENABLE_MODULES = YES;
				CLANG_ENABLE_OBJC_ARC = YES;
				CLANG_WARN_BOOL_CONVERSION = YES;
				CLANG_WARN_CONSTANT_CONVERSION = YES;
				CLANG_WARN_DIRECT_OBJC_ISA_USAGE = YES_ERROR;
				CLANG_WARN_DOCUMENTATION_COMMENTS = YES;
				CLANG_WARN_EMPTY_BODY = YES;
				CLANG_WARN_ENUM_CONVERSION = YES;
				CLANG_WARN_INFINITE_RECURSION = YES;
				CLANG_WARN_INT_CONVERSION = YES;
				CLANG_WARN_OBJC_ROOT_CLASS = YES_ERROR;
				CLANG_WARN_SUSPICIOUS_MOVE = YES;
				CLANG_WARN_SUSPICIOUS_MOVES = YES;
				CLANG_WARN_UNREACHABLE_CODE = YES;
				CLANG_WARN__DUPLICATE_METHOD_MATCH = YES;
				"CODE_SIGN_IDENTITY[sdk=iphoneos*]" = "iPhone Developer";
				COPY_PHASE_STRIP = NO;
				DEBUG_INFORMATION_FORMAT = "dwarf-with-dsym";
				ENABLE_NS_ASSERTIONS = NO;
				ENABLE_STRICT_OBJC_MSGSEND = YES;
				GCC_C_LANGUAGE_STANDARD = gnu99;
				GCC_NO_COMMON_BLOCKS = YES;
				GCC_WARN_64_TO_32_BIT_CONVERSION = YES;
				GCC_WARN_ABOUT_RETURN_TYPE = YES_ERROR;
				GCC_WARN_UNDECLARED_SELECTOR = YES;
				GCC_WARN_UNINITIALIZED_AUTOS = YES_AGGRESSIVE;
				GCC_WARN_UNUSED_FUNCTION = YES;
				GCC_WARN_UNUSED_VARIABLE = YES;
				IPHONEOS_DEPLOYMENT_TARGET = 10.0;
				MTL_ENABLE_DEBUG_INFO = NO;
				SDKROOT = iphoneos;
				VALIDATE_PRODUCT = YES;
			};
			name = Release;
		};
		0DEFDF5E1E86E8A300FD2D52 /* Debug */ = {
			isa = XCBuildConfiguration;
			baseConfigurationReference = 019D452E450FBB89B23CF26E /* Pods-flowers.debug.xcconfig */;
			buildSettings = {
				ASSETCATALOG_COMPILER_APPICON_NAME = AppIcon;
				DEVELOPMENT_TEAM = Q7LN8CFV4K;
				GCC_PRECOMPILE_PREFIX_HEADER = YES;
				GCC_PREFIX_HEADER = flowers/PrefixHeader.pch;
				INFOPLIST_FILE = flowers/Info.plist;
				LD_RUNPATH_SEARCH_PATHS = "$(inherited) @executable_path/Frameworks";
				PRODUCT_BUNDLE_IDENTIFIER = ru.flowers;
				PRODUCT_NAME = "$(TARGET_NAME)";
			};
			name = Debug;
		};
		0DEFDF5F1E86E8A300FD2D52 /* Release */ = {
			isa = XCBuildConfiguration;
			baseConfigurationReference = 5D05448110C4C0CE93DC2324 /* Pods-flowers.release.xcconfig */;
			buildSettings = {
				ASSETCATALOG_COMPILER_APPICON_NAME = AppIcon;
				DEVELOPMENT_TEAM = Q7LN8CFV4K;
				GCC_PRECOMPILE_PREFIX_HEADER = YES;
				GCC_PREFIX_HEADER = flowers/PrefixHeader.pch;
				INFOPLIST_FILE = flowers/Info.plist;
				LD_RUNPATH_SEARCH_PATHS = "$(inherited) @executable_path/Frameworks";
				PRODUCT_BUNDLE_IDENTIFIER = ru.flowers;
				PRODUCT_NAME = "$(TARGET_NAME)";
			};
			name = Release;
		};
/* End XCBuildConfiguration section */

/* Begin XCConfigurationList section */
		0DEFDF411E86E8A300FD2D52 /* Build configuration list for PBXProject "flowers" */ = {
			isa = XCConfigurationList;
			buildConfigurations = (
				0DEFDF5B1E86E8A300FD2D52 /* Debug */,
				0DEFDF5C1E86E8A300FD2D52 /* Release */,
			);
			defaultConfigurationIsVisible = 0;
			defaultConfigurationName = Release;
		};
		0DEFDF5D1E86E8A300FD2D52 /* Build configuration list for PBXNativeTarget "flowers" */ = {
			isa = XCConfigurationList;
			buildConfigurations = (
				0DEFDF5E1E86E8A300FD2D52 /* Debug */,
				0DEFDF5F1E86E8A300FD2D52 /* Release */,
			);
			defaultConfigurationIsVisible = 0;
			defaultConfigurationName = Release;
		};
/* End XCConfigurationList section */
	};
	rootObject = 0DEFDF3E1E86E8A300FD2D52 /* Project object */;
}
